PODS:
  - Masonry (1.1.0)
  - OCHamcrest (0.1.1)
  - OCMock (0.1.2)

DEPENDENCIES:
  - Masonry
  - OCHamcrest (= 0.1.1)
  - OCMock (= 0.1.2)

SPEC REPOS:
  http://git.code.oa.com/TencentVideoShared/VideoBase.git:
    - OCHamcrest
    - OCMock
  trunk:
    - Masonry

SPEC CHECKSUMS:
  Masonry: 678fab65091a9290e40e2832a55e7ab731aad201
  OCHamcrest: 1d9850dbeedc8025aaf893a24abe8ef925364340
  OCMock: 7ae734796ae93ff41bba6e289d4f4e528d794638

PODFILE CHECKSUM: 08f3cb90bd51237518bdf356eed00781d71d9c4d

COCOAPODS: 1.10.0
